
Microsoft Visual Studio Solution File, Format Version 12.00
# Visual Studio Version 17
VisualStudioVersion = 17.7.34031.279
MinimumVisualStudioVersion = 10.0.40219.1
Project("{9A19103F-16F7-4668-BE54-9A1E7A4F7556}") = "AcademyApp", "AcademyApp\AcademyApp.csproj", "{664A8368-0628-46C6-A307-65A818C04AFF}"
EndProject
Project("{9A19103F-16F7-4668-BE54-9A1E7A4F7556}") = "AcademyApp.Domain", "AcademyApp.Domain\AcademyApp.Domain.csproj", "{CCA7E024-CFF9-44E9-9D0F-2B4803D9BBD4}"
EndProject
Project("{9A19103F-16F7-4668-BE54-9A1E7A4F7556}") = "AcademyApp.DataContext", "AcademyApp.DataContext\AcademyApp.DataContext.csproj", "{9EC6645F-690C-454D-8A61-01B991AD87C9}"
EndProject
Project("{FAE04EC0-301F-11D3-BF4B-00C04F79EFBC}") = "AcademyApp.Business", "AcademyApp.Business\AcademyApp.Business.csproj", "{3437F18D-2076-4688-8B98-D782205252DF}"
EndProject
Project("{FAE04EC0-301F-11D3-BF4B-00C04F79EFBC}") = "AcademyApp.Helpers", "AcademyApp.Helpers\AcademyApp.Helpers.csproj", "{57AA519E-457A-4EB1-9E5C-A392F3BBC98B}"
EndProject
Global
	GlobalSection(SolutionConfigurationPlatforms) = preSolution
		Debug|Any CPU = Debug|Any CPU
		Release|Any CPU = Release|Any CPU
	EndGlobalSection
	GlobalSection(ProjectConfigurationPlatforms) = postSolution
		{664A8368-0628-46C6-A307-65A818C04AFF}.Debug|Any CPU.ActiveCfg = Debug|Any CPU
		{664A8368-0628-46C6-A307-65A818C04AFF}.Debug|Any CPU.Build.0 = Debug|Any CPU
		{664A8368-0628-46C6-A307-65A818C04AFF}.Release|Any CPU.ActiveCfg = Release|Any CPU
		{664A8368-0628-46C6-A307-65A818C04AFF}.Release|Any CPU.Build.0 = Release|Any CPU
		{CCA7E024-CFF9-44E9-9D0F-2B4803D9BBD4}.Debug|Any CPU.ActiveCfg = Debug|Any CPU
		{CCA7E024-CFF9-44E9-9D0F-2B4803D9BBD4}.Debug|Any CPU.Build.0 = Debug|Any CPU
		{CCA7E024-CFF9-44E9-9D0F-2B4803D9BBD4}.Release|Any CPU.ActiveCfg = Release|Any CPU
		{CCA7E024-CFF9-44E9-9D0F-2B4803D9BBD4}.Release|Any CPU.Build.0 = Release|Any CPU
		{9EC6645F-690C-454D-8A61-01B991AD87C9}.Debug|Any CPU.ActiveCfg = Debug|Any CPU
		{9EC6645F-690C-454D-8A61-01B991AD87C9}.Debug|Any CPU.Build.0 = Debug|Any CPU
		{9EC6645F-690C-454D-8A61-01B991AD87C9}.Release|Any CPU.ActiveCfg = Release|Any CPU
		{9EC6645F-690C-454D-8A61-01B991AD87C9}.Release|Any CPU.Build.0 = Release|Any CPU
		{3437F18D-2076-4688-8B98-D782205252DF}.Debug|Any CPU.ActiveCfg = Debug|Any CPU
		{3437F18D-2076-4688-8B98-D782205252DF}.Debug|Any CPU.Build.0 = Debug|Any CPU
		{3437F18D-2076-4688-8B98-D782205252DF}.Release|Any CPU.ActiveCfg = Release|Any CPU
		{3437F18D-2076-4688-8B98-D782205252DF}.Release|Any CPU.Build.0 = Release|Any CPU
		{57AA519E-457A-4EB1-9E5C-A392F3BBC98B}.Debug|Any CPU.ActiveCfg = Debug|Any CPU
		{57AA519E-457A-4EB1-9E5C-A392F3BBC98B}.Debug|Any CPU.Build.0 = Debug|Any CPU
		{57AA519E-457A-4EB1-9E5C-A392F3BBC98B}.Release|Any CPU.ActiveCfg = Release|Any CPU
		{57AA519E-457A-4EB1-9E5C-A392F3BBC98B}.Release|Any CPU.Build.0 = Release|Any CPU
	EndGlobalSection
	GlobalSection(SolutionProperties) = preSolution
		HideSolutionNode = FALSE
	EndGlobalSection
	GlobalSection(ExtensibilityGlobals) = postSolution
		SolutionGuid = {E0D7CDE1-C3B7-4079-9E9F-BB44D965719A}
	EndGlobalSection
EndGlobal
